
Microsoft Visual Studio Solution File, Format Version 12.00
# Visual Studio Version 17
VisualStudioVersion = 17.4.33213.308
MinimumVisualStudioVersion = 10.0.40219.1
Project("{FAE04EC0-301F-11D3-BF4B-00C04F79EFBC}") = "Ready2Ride.Server", "Ready2Ride\Server\Ready2Ride.Server.csproj", "{27591C00-ADFD-46C6-9D04-AB3E10CD2F02}"
EndProject
Project("{FAE04EC0-301F-11D3-BF4B-00C04F79EFBC}") = "Ready2Ride.Client", "Ready2Ride\Client\Ready2Ride.Client.csproj", "{5F840779-C753-4C99-97E8-6E1D310B4A36}"
EndProject
Project("{FAE04EC0-301F-11D3-BF4B-00C04F79EFBC}") = "Ready2Ride.Shared", "Ready2Ride\Shared\Ready2Ride.Shared.csproj", "{78EAA524-2DE7-45F6-A563-7C54D003A0F5}"
EndProject
Global
	GlobalSection(SolutionConfigurationPlatforms) = preSolution
		Debug|Any CPU = Debug|Any CPU
		Release|Any CPU = Release|Any CPU
	EndGlobalSection
	GlobalSection(ProjectConfigurationPlatforms) = postSolution
		{27591C00-ADFD-46C6-9D04-AB3E10CD2F02}.Debug|Any CPU.ActiveCfg = Debug|Any CPU
		{27591C00-ADFD-46C6-9D04-AB3E10CD2F02}.Debug|Any CPU.Build.0 = Debug|Any CPU
		{27591C00-ADFD-46C6-9D04-AB3E10CD2F02}.Release|Any CPU.ActiveCfg = Release|Any CPU
		{27591C00-ADFD-46C6-9D04-AB3E10CD2F02}.Release|Any CPU.Build.0 = Release|Any CPU
		{5F840779-C753-4C99-97E8-6E1D310B4A36}.Debug|Any CPU.ActiveCfg = Debug|Any CPU
		{5F840779-C753-4C99-97E8-6E1D310B4A36}.Debug|Any CPU.Build.0 = Debug|Any CPU
		{5F840779-C753-4C99-97E8-6E1D310B4A36}.Release|Any CPU.ActiveCfg = Release|Any CPU
		{5F840779-C753-4C99-97E8-6E1D310B4A36}.Release|Any CPU.Build.0 = Release|Any CPU
		{78EAA524-2DE7-45F6-A563-7C54D003A0F5}.Debug|Any CPU.ActiveCfg = Debug|Any CPU
		{78EAA524-2DE7-45F6-A563-7C54D003A0F5}.Debug|Any CPU.Build.0 = Debug|Any CPU
		{78EAA524-2DE7-45F6-A563-7C54D003A0F5}.Release|Any CPU.ActiveCfg = Release|Any CPU
		{78EAA524-2DE7-45F6-A563-7C54D003A0F5}.Release|Any CPU.Build.0 = Release|Any CPU
	EndGlobalSection
	GlobalSection(SolutionProperties) = preSolution
		HideSolutionNode = FALSE
	EndGlobalSection
	GlobalSection(ExtensibilityGlobals) = postSolution
		SolutionGuid = {E8460C10-17E3-48D6-9337-1C1E109F54FC}
	EndGlobalSection
EndGlobal
