
Microsoft Visual Studio Solution File, Format Version 12.00
# Visual Studio Version 17
VisualStudioVersion = 17.4.33213.308
MinimumVisualStudioVersion = 10.0.40219.1
Project("{FAE04EC0-301F-11D3-BF4B-00C04F79EFBC}") = "Ready2Ride.Server", "Ready2Ride\Server\Ready2Ride.Server.csproj", "{7AB421AD-D59B-4DF2-8B7F-FCBE4F610A96}"
EndProject
Project("{FAE04EC0-301F-11D3-BF4B-00C04F79EFBC}") = "Ready2Ride.Client", "Ready2Ride\Client\Ready2Ride.Client.csproj", "{0C0CCF43-027A-48B4-A48F-3EA36AEF568B}"
EndProject
Project("{FAE04EC0-301F-11D3-BF4B-00C04F79EFBC}") = "Ready2Ride.Shared", "Ready2Ride\Shared\Ready2Ride.Shared.csproj", "{5B989E68-353C-4BCF-A1FA-3B495204D840}"
EndProject
Global
	GlobalSection(SolutionConfigurationPlatforms) = preSolution
		Debug|Any CPU = Debug|Any CPU
		Release|Any CPU = Release|Any CPU
	EndGlobalSection
	GlobalSection(ProjectConfigurationPlatforms) = postSolution
		{7AB421AD-D59B-4DF2-8B7F-FCBE4F610A96}.Debug|Any CPU.ActiveCfg = Debug|Any CPU
		{7AB421AD-D59B-4DF2-8B7F-FCBE4F610A96}.Debug|Any CPU.Build.0 = Debug|Any CPU
		{7AB421AD-D59B-4DF2-8B7F-FCBE4F610A96}.Release|Any CPU.ActiveCfg = Release|Any CPU
		{7AB421AD-D59B-4DF2-8B7F-FCBE4F610A96}.Release|Any CPU.Build.0 = Release|Any CPU
		{0C0CCF43-027A-48B4-A48F-3EA36AEF568B}.Debug|Any CPU.ActiveCfg = Debug|Any CPU
		{0C0CCF43-027A-48B4-A48F-3EA36AEF568B}.Debug|Any CPU.Build.0 = Debug|Any CPU
		{0C0CCF43-027A-48B4-A48F-3EA36AEF568B}.Release|Any CPU.ActiveCfg = Release|Any CPU
		{0C0CCF43-027A-48B4-A48F-3EA36AEF568B}.Release|Any CPU.Build.0 = Release|Any CPU
		{5B989E68-353C-4BCF-A1FA-3B495204D840}.Debug|Any CPU.ActiveCfg = Debug|Any CPU
		{5B989E68-353C-4BCF-A1FA-3B495204D840}.Debug|Any CPU.Build.0 = Debug|Any CPU
		{5B989E68-353C-4BCF-A1FA-3B495204D840}.Release|Any CPU.ActiveCfg = Release|Any CPU
		{5B989E68-353C-4BCF-A1FA-3B495204D840}.Release|Any CPU.Build.0 = Release|Any CPU
	EndGlobalSection
	GlobalSection(SolutionProperties) = preSolution
		HideSolutionNode = FALSE
	EndGlobalSection
	GlobalSection(ExtensibilityGlobals) = postSolution
		SolutionGuid = {157CF38B-52B7-41E5-A91E-5BF825EDCC1A}
	EndGlobalSection
EndGlobal
